
Microsoft Visual Studio Solution File, Format Version 12.00
# Visual Studio Version 16
VisualStudioVersion = 16.0.31729.503
MinimumVisualStudioVersion = 10.0.40219.1
Project("{FAE04EC0-301F-11D3-BF4B-00C04F79EFBC}") = "Lesson 4.2", "Lesson 4.2\Lesson 4.2.csproj", "{D22ECBBD-EB47-4079-BD55-31DDAD7F4DCC}"
EndProject
Global
	GlobalSection(SolutionConfigurationPlatforms) = preSolution
		Debug|Any CPU = Debug|Any CPU
		Release|Any CPU = Release|Any CPU
	EndGlobalSection
	GlobalSection(ProjectConfigurationPlatforms) = postSolution
		{D22ECBBD-EB47-4079-BD55-31DDAD7F4DCC}.Debug|Any CPU.ActiveCfg = Debug|Any CPU
		{D22ECBBD-EB47-4079-BD55-31DDAD7F4DCC}.Debug|Any CPU.Build.0 = Debug|Any CPU
		{D22ECBBD-EB47-4079-BD55-31DDAD7F4DCC}.Release|Any CPU.ActiveCfg = Release|Any CPU
		{D22ECBBD-EB47-4079-BD55-31DDAD7F4DCC}.Release|Any CPU.Build.0 = Release|Any CPU
	EndGlobalSection
	GlobalSection(SolutionProperties) = preSolution
		HideSolutionNode = FALSE
	EndGlobalSection
	GlobalSection(ExtensibilityGlobals) = postSolution
		SolutionGuid = {89FC171C-CF8A-420C-8414-16E7B983361C}
	EndGlobalSection
EndGlobal
