
Microsoft Visual Studio Solution File, Format Version 12.00
# Visual Studio Version 16
VisualStudioVersion = 16.0.31729.503
MinimumVisualStudioVersion = 10.0.40219.1
Project("{FAE04EC0-301F-11D3-BF4B-00C04F79EFBC}") = "Lesson 2.5", "Lesson 2.5\Lesson 2.5.csproj", "{78BBA663-0E19-4BC7-9A15-D7F9F25BF4FA}"
EndProject
Global
	GlobalSection(SolutionConfigurationPlatforms) = preSolution
		Debug|Any CPU = Debug|Any CPU
		Release|Any CPU = Release|Any CPU
	EndGlobalSection
	GlobalSection(ProjectConfigurationPlatforms) = postSolution
		{78BBA663-0E19-4BC7-9A15-D7F9F25BF4FA}.Debug|Any CPU.ActiveCfg = Debug|Any CPU
		{78BBA663-0E19-4BC7-9A15-D7F9F25BF4FA}.Debug|Any CPU.Build.0 = Debug|Any CPU
		{78BBA663-0E19-4BC7-9A15-D7F9F25BF4FA}.Release|Any CPU.ActiveCfg = Release|Any CPU
		{78BBA663-0E19-4BC7-9A15-D7F9F25BF4FA}.Release|Any CPU.Build.0 = Release|Any CPU
	EndGlobalSection
	GlobalSection(SolutionProperties) = preSolution
		HideSolutionNode = FALSE
	EndGlobalSection
	GlobalSection(ExtensibilityGlobals) = postSolution
		SolutionGuid = {8FD4C6DF-1839-4E69-9BA6-2855E330FBE3}
	EndGlobalSection
EndGlobal
